{
  "version": "5",
  "specifiers": {
    "jsr:@supabase/supabase-js@2": "2.108.2"
  },
  "jsr": {
    "@supabase/supabase-js@2.108.2": {
      "integrity": "db603b534b1939a216ef004fe9fdd0c72bb4ba097fb04be23ea76cb8c70272aa"
    }
  },
  "workspace": {
    "packageJson": {
      "dependencies": [
        "npm:@supabase/supabase-js@^2.47.0",
        "npm:supabase@^2.106.0",
        "npm:vitest@^4.1.0"
      ]
    }
  }
}
